// !$*UTF8*$!
{
	archiveVersion = 1;
	classes = {
	};
	objectVersion = 56;
	objects = {

/* Begin PBXBuildFile section */
		1360C86E2C35CE210093F1EA /* LearSwiftUIApp.swift in Sources */ = {isa = PBXBuildFile; fileRef = 1360C86D2C35CE210093F1EA /* LearSwiftUIApp.swift */; };
		1360C8702C35CE210093F1EA /* ContentView.swift in Sources */ = {isa = PBXBuildFile; fileRef = 1360C86F2C35CE210093F1EA /* ContentView.swift */; };
		1360C8722C35CE220093F1EA /* Assets.xcassets in Resources */ = {isa = PBXBuildFile; fileRef = 1360C8712C35CE220093F1EA /* Assets.xcassets */; };
		1360C8752C35CE220093F1EA /* Preview Assets.xcassets in Resources */ = {isa = PBXBuildFile; fileRef = 1360C8742C35CE220093F1EA /* Preview Assets.xcassets */; };
		1360C87C2C35D2660093F1EA /* NewScreen.swift in Sources */ = {isa = PBXBuildFile; fileRef = 1360C87B2C35D2660093F1EA /* NewScreen.swift */; };
		1360C87E2C35D4E30093F1EA /* DescriptionItem.swift in Sources */ = {isa = PBXBuildFile; fileRef = 1360C87D2C35D4E30093F1EA /* DescriptionItem.swift */; };
		1360C8802C3871F60093F1EA /* WhereAreGoing.swift in Sources */ = {isa = PBXBuildFile; fileRef = 1360C87F2C3871F60093F1EA /* WhereAreGoing.swift */; };
		1360C8822C3875E10093F1EA /* ButtonView.swift in Sources */ = {isa = PBXBuildFile; fileRef = 1360C8812C3875E10093F1EA /* ButtonView.swift */; };
		13CBD8172C3EE01A003A8483 /* BackButton.swift in Sources */ = {isa = PBXBuildFile; fileRef = 13CBD8162C3EE01A003A8483 /* BackButton.swift */; };
		13CBD8192C3EE3A2003A8483 /* NewScreen3.swift in Sources */ = {isa = PBXBuildFile; fileRef = 13CBD8182C3EE3A2003A8483 /* NewScreen3.swift */; };
		13CBD8232C41831B003A8483 /* VScrollView.swift in Sources */ = {isa = PBXBuildFile; fileRef = 13CBD8222C41831B003A8483 /* VScrollView.swift */; };
		13CBD8252C418607003A8483 /* HScrollView.swift in Sources */ = {isa = PBXBuildFile; fileRef = 13CBD8242C418607003A8483 /* HScrollView.swift */; };
		13CBD8272C418729003A8483 /* NewTabView.swift in Sources */ = {isa = PBXBuildFile; fileRef = 13CBD8262C418729003A8483 /* NewTabView.swift */; };
/* End PBXBuildFile section */

/* Begin PBXFileReference section */
		1360C86A2C35CE210093F1EA /* LearSwiftUI.app */ = {isa = PBXFileReference; explicitFileType = wrapper.application; includeInIndex = 0; path = LearSwiftUI.app; sourceTree = BUILT_PRODUCTS_DIR; };
		1360C86D2C35CE210093F1EA /* LearSwiftUIApp.swift */ = {isa = PBXFileReference; lastKnownFileType = sourcecode.swift; path = LearSwiftUIApp.swift; sourceTree = "<group>"; };
		1360C86F2C35CE210093F1EA /* ContentView.swift */ = {isa = PBXFileReference; lastKnownFileType = sourcecode.swift; path = ContentView.swift; sourceTree = "<group>"; };
		1360C8712C35CE220093F1EA /* Assets.xcassets */ = {isa = PBXFileReference; lastKnownFileType = folder.assetcatalog; path = Assets.xcassets; sourceTree = "<group>"; };
		1360C8742C35CE220093F1EA /* Preview Assets.xcassets */ = {isa = PBXFileReference; lastKnownFileType = folder.assetcatalog; path = "Preview Assets.xcassets"; sourceTree = "<group>"; };
		1360C87B2C35D2660093F1EA /* NewScreen.swift */ = {isa = PBXFileReference; lastKnownFileType = sourcecode.swift; path = NewScreen.swift; sourceTree = "<group>"; };
		1360C87D2C35D4E30093F1EA /* DescriptionItem.swift */ = {isa = PBXFileReference; lastKnownFileType = sourcecode.swift; path = DescriptionItem.swift; sourceTree = "<group>"; };
		1360C87F2C3871F60093F1EA /* WhereAreGoing.swift */ = {isa = PBXFileReference; lastKnownFileType = sourcecode.swift; path = WhereAreGoing.swift; sourceTree = "<group>"; };
		1360C8812C3875E10093F1EA /* ButtonView.swift */ = {isa = PBXFileReference; lastKnownFileType = sourcecode.swift; path = ButtonView.swift; sourceTree = "<group>"; };
		13CBD8162C3EE01A003A8483 /* BackButton.swift */ = {isa = PBXFileReference; lastKnownFileType = sourcecode.swift; path = BackButton.swift; sourceTree = "<group>"; };
		13CBD8182C3EE3A2003A8483 /* NewScreen3.swift */ = {isa = PBXFileReference; lastKnownFileType = sourcecode.swift; path = NewScreen3.swift; sourceTree = "<group>"; };
		13CBD8222C41831B003A8483 /* VScrollView.swift */ = {isa = PBXFileReference; lastKnownFileType = sourcecode.swift; path = VScrollView.swift; sourceTree = "<group>"; };
		13CBD8242C418607003A8483 /* HScrollView.swift */ = {isa = PBXFileReference; lastKnownFileType = sourcecode.swift; path = HScrollView.swift; sourceTree = "<group>"; };
		13CBD8262C418729003A8483 /* NewTabView.swift */ = {isa = PBXFileReference; lastKnownFileType = sourcecode.swift; path = NewTabView.swift; sourceTree = "<group>"; };
/* End PBXFileReference section */

/* Begin PBXFrameworksBuildPhase section */
		1360C8672C35CE210093F1EA /* Frameworks */ = {
			isa = PBXFrameworksBuildPhase;
			buildActionMask = 2147483647;
			files = (
			);
			runOnlyForDeploymentPostprocessing = 0;
		};
/* End PBXFrameworksBuildPhase section */

/* Begin PBXGroup section */
		1360C8612C35CE210093F1EA = {
			isa = PBXGroup;
			children = (
				1360C86C2C35CE210093F1EA /* LearSwiftUI */,
				1360C86B2C35CE210093F1EA /* Products */,
			);
			sourceTree = "<group>";
		};
		1360C86B2C35CE210093F1EA /* Products */ = {
			isa = PBXGroup;
			children = (
				1360C86A2C35CE210093F1EA /* LearSwiftUI.app */,
			);
			name = Products;
			sourceTree = "<group>";
		};
		1360C86C2C35CE210093F1EA /* LearSwiftUI */ = {
			isa = PBXGroup;
			children = (
				1360C86D2C35CE210093F1EA /* LearSwiftUIApp.swift */,
				1360C86F2C35CE210093F1EA /* ContentView.swift */,
				1360C87F2C3871F60093F1EA /* WhereAreGoing.swift */,
				1360C87B2C35D2660093F1EA /* NewScreen.swift */,
				13CBD8182C3EE3A2003A8483 /* NewScreen3.swift */,
				1360C8812C3875E10093F1EA /* ButtonView.swift */,
				1360C87D2C35D4E30093F1EA /* DescriptionItem.swift */,
				13CBD8162C3EE01A003A8483 /* BackButton.swift */,
				13CBD8222C41831B003A8483 /* VScrollView.swift */,
				13CBD8242C418607003A8483 /* HScrollView.swift */,
				13CBD8262C418729003A8483 /* NewTabView.swift */,
				1360C8712C35CE220093F1EA /* Assets.xcassets */,
				1360C8732C35CE220093F1EA /* Preview Content */,
			);
			path = LearSwiftUI;
			sourceTree = "<group>";
		};
		1360C8732C35CE220093F1EA /* Preview Content */ = {
			isa = PBXGroup;
			children = (
				1360C8742C35CE220093F1EA /* Preview Assets.xcassets */,
			);
			path = "Preview Content";
			sourceTree = "<group>";
		};
/* End PBXGroup section */

/* Begin PBXNativeTarget section */
		1360C8692C35CE210093F1EA /* LearSwiftUI */ = {
			isa = PBXNativeTarget;
			buildConfigurationList = 1360C8782C35CE220093F1EA /* Build configuration list for PBXNativeTarget "LearSwiftUI" */;
			buildPhases = (
				1360C8662C35CE210093F1EA /* Sources */,
				1360C8672C35CE210093F1EA /* Frameworks */,
				1360C8682C35CE210093F1EA /* Resources */,
			);
			buildRules = (
			);
			dependencies = (
			);
			name = LearSwiftUI;
			productName = LearSwiftUI;
			productReference = 1360C86A2C35CE210093F1EA /* LearSwiftUI.app */;
			productType = "com.apple.product-type.application";
		};
/* End PBXNativeTarget section */

/* Begin PBXProject section */
		1360C8622C35CE210093F1EA /* Project object */ = {
			isa = PBXProject;
			attributes = {
				BuildIndependentTargetsInParallel = 1;
				LastSwiftUpdateCheck = 1540;
				LastUpgradeCheck = 1540;
				TargetAttributes = {
					1360C8692C35CE210093F1EA = {
						CreatedOnToolsVersion = 15.4;
					};
				};
			};
			buildConfigurationList = 1360C8652C35CE210093F1EA /* Build configuration list for PBXProject "LearSwiftUI" */;
			compatibilityVersion = "Xcode 14.0";
			developmentRegion = en;
			hasScannedForEncodings = 0;
			knownRegions = (
				en,
				Base,
			);
			mainGroup = 1360C8612C35CE210093F1EA;
			productRefGroup = 1360C86B2C35CE210093F1EA /* Products */;
			projectDirPath = "";
			projectRoot = "";
			targets = (
				1360C8692C35CE210093F1EA /* LearSwiftUI */,
			);
		};
/* End PBXProject section */

/* Begin PBXResourcesBuildPhase section */
		1360C8682C35CE210093F1EA /* Resources */ = {
			isa = PBXResourcesBuildPhase;
			buildActionMask = 2147483647;
			files = (
				1360C8752C35CE220093F1EA /* Preview Assets.xcassets in Resources */,
				1360C8722C35CE220093F1EA /* Assets.xcassets in Resources */,
			);
			runOnlyForDeploymentPostprocessing = 0;
		};
/* End PBXResourcesBuildPhase section */

/* Begin PBXSourcesBuildPhase section */
		1360C8662C35CE210093F1EA /* Sources */ = {
			isa = PBXSourcesBuildPhase;
			buildActionMask = 2147483647;
			files = (
				13CBD8252C418607003A8483 /* HScrollView.swift in Sources */,
				13CBD8192C3EE3A2003A8483 /* NewScreen3.swift in Sources */,
				1360C8702C35CE210093F1EA /* ContentView.swift in Sources */,
				1360C8802C3871F60093F1EA /* WhereAreGoing.swift in Sources */,
				13CBD8272C418729003A8483 /* NewTabView.swift in Sources */,
				1360C8822C3875E10093F1EA /* ButtonView.swift in Sources */,
				1360C86E2C35CE210093F1EA /* LearSwiftUIApp.swift in Sources */,
				1360C87C2C35D2660093F1EA /* NewScreen.swift in Sources */,
				13CBD8232C41831B003A8483 /* VScrollView.swift in Sources */,
				13CBD8172C3EE01A003A8483 /* BackButton.swift in Sources */,
				1360C87E2C35D4E30093F1EA /* DescriptionItem.swift in Sources */,
			);
			runOnlyForDeploymentPostprocessing = 0;
		};
/* End PBXSourcesBuildPhase section */

/* Begin XCBuildConfiguration section */
		1360C8762C35CE220093F1EA /* Debug */ = {
			isa = XCBuildConfiguration;
			buildSettings = {
				ALWAYS_SEARCH_USER_PATHS = NO;
				ASSETCATALOG_COMPILER_GENERATE_SWIFT_ASSET_SYMBOL_EXTENSIONS = YES;
				CLANG_ANALYZER_NONNULL = YES;
				CLANG_ANALYZER_NUMBER_OBJECT_CONVERSION = YES_AGGRESSIVE;
				CLANG_CXX_LANGUAGE_STANDARD = "gnu++20";
				CLANG_ENABLE_MODULES = YES;
				CLANG_ENABLE_OBJC_ARC = YES;
				CLANG_ENABLE_OBJC_WEAK = YES;
				CLANG_WARN_BLOCK_CAPTURE_AUTORELEASING = YES;
				CLANG_WARN_BOOL_CONVERSION = YES;
				CLANG_WARN_COMMA = YES;
				CLANG_WARN_CONSTANT_CONVERSION = YES;
				CLANG_WARN_DEPRECATED_OBJC_IMPLEMENTATIONS = YES;
				CLANG_WARN_DIRECT_OBJC_ISA_USAGE = YES_ERROR;
				CLANG_WARN_DOCUMENTATION_COMMENTS = YES;
				CLANG_WARN_EMPTY_BODY = YES;
				CLANG_WARN_ENUM_CONVERSION = YES;
				CLANG_WARN_INFINITE_RECURSION = YES;
				CLANG_WARN_INT_CONVERSION = YES;
				CLANG_WARN_NON_LITERAL_NULL_CONVERSION = YES;
				CLANG_WARN_OBJC_IMPLICIT_RETAIN_SELF = YES;
				CLANG_WARN_OBJC_LITERAL_CONVERSION = YES;
				CLANG_WARN_OBJC_ROOT_CLASS = YES_ERROR;
				CLANG_WARN_QUOTED_INCLUDE_IN_FRAMEWORK_HEADER = YES;
				CLANG_WARN_RANGE_LOOP_ANALYSIS = YES;
				CLANG_WARN_STRICT_PROTOTYPES = YES;
				CLANG_WARN_SUSPICIOUS_MOVE = YES;
				CLANG_WARN_UNGUARDED_AVAILABILITY = YES_AGGRESSIVE;
				CLANG_WARN_UNREACHABLE_CODE = YES;
				CLANG_WARN__DUPLICATE_METHOD_MATCH = YES;
				COPY_PHASE_STRIP = NO;
				DEBUG_INFORMATION_FORMAT = dwarf;
				ENABLE_STRICT_OBJC_MSGSEND = YES;
				ENABLE_TESTABILITY = YES;
				ENABLE_USER_SCRIPT_SANDBOXING = YES;
				GCC_C_LANGUAGE_STANDARD = gnu17;
				GCC_DYNAMIC_NO_PIC = NO;
				GCC_NO_COMMON_BLOCKS = YES;
				GCC_OPTIMIZATION_LEVEL = 0;
				GCC_PREPROCESSOR_DEFINITIONS = (
					"DEBUG=1",
					"$(inherited)",
				);
				GCC_WARN_64_TO_32_BIT_CONVERSION = YES;
				GCC_WARN_ABOUT_RETURN_TYPE = YES_ERROR;
				GCC_WARN_UNDECLARED_SELECTOR = YES;
				GCC_WARN_UNINITIALIZED_AUTOS = YES_AGGRESSIVE;
				GCC_WARN_UNUSED_FUNCTION = YES;
				GCC_WARN_UNUSED_VARIABLE = YES;
				IPHONEOS_DEPLOYMENT_TARGET = 17.5;
				LOCALIZATION_PREFERS_STRING_CATALOGS = YES;
				MTL_ENABLE_DEBUG_INFO = INCLUDE_SOURCE;
				MTL_FAST_MATH = YES;
				ONLY_ACTIVE_ARCH = YES;
				SDKROOT = iphoneos;
				SWIFT_ACTIVE_COMPILATION_CONDITIONS = "DEBUG $(inherited)";
				SWIFT_OPTIMIZATION_LEVEL = "-Onone";
			};
			name = Debug;
		};
		1360C8772C35CE220093F1EA /* Release */ = {
			isa = XCBuildConfiguration;
			buildSettings = {
				ALWAYS_SEARCH_USER_PATHS = NO;
				ASSETCATALOG_COMPILER_GENERATE_SWIFT_ASSET_SYMBOL_EXTENSIONS = YES;
				CLANG_ANALYZER_NONNULL = YES;
				CLANG_ANALYZER_NUMBER_OBJECT_CONVERSION = YES_AGGRESSIVE;
				CLANG_CXX_LANGUAGE_STANDARD = "gnu++20";
				CLANG_ENABLE_MODULES = YES;
				CLANG_ENABLE_OBJC_ARC = YES;
				CLANG_ENABLE_OBJC_WEAK = YES;
				CLANG_WARN_BLOCK_CAPTURE_AUTORELEASING = YES;
				CLANG_WARN_BOOL_CONVERSION = YES;
				CLANG_WARN_COMMA = YES;
				CLANG_WARN_CONSTANT_CONVERSION = YES;
				CLANG_WARN_DEPRECATED_OBJC_IMPLEMENTATIONS = YES;
				CLANG_WARN_DIRECT_OBJC_ISA_USAGE = YES_ERROR;
				CLANG_WARN_DOCUMENTATION_COMMENTS = YES;
				CLANG_WARN_EMPTY_BODY = YES;
				CLANG_WARN_ENUM_CONVERSION = YES;
				CLANG_WARN_INFINITE_RECURSION = YES;
				CLANG_WARN_INT_CONVERSION = YES;
				CLANG_WARN_NON_LITERAL_NULL_CONVERSION = YES;
				CLANG_WARN_OBJC_IMPLICIT_RETAIN_SELF = YES;
				CLANG_WARN_OBJC_LITERAL_CONVERSION = YES;
				CLANG_WARN_OBJC_ROOT_CLASS = YES_ERROR;
				CLANG_WARN_QUOTED_INCLUDE_IN_FRAMEWORK_HEADER = YES;
				CLANG_WARN_RANGE_LOOP_ANALYSIS = YES;
				CLANG_WARN_STRICT_PROTOTYPES = YES;
				CLANG_WARN_SUSPICIOUS_MOVE = YES;
				CLANG_WARN_UNGUARDED_AVAILABILITY = YES_AGGRESSIVE;
				CLANG_WARN_UNREACHABLE_CODE = YES;
				CLANG_WARN__DUPLICATE_METHOD_MATCH = YES;
				COPY_PHASE_STRIP = NO;
				DEBUG_INFORMATION_FORMAT = "dwarf-with-dsym";
				ENABLE_NS_ASSERTIONS = NO;
				ENABLE_STRICT_OBJC_MSGSEND = YES;
				ENABLE_USER_SCRIPT_SANDBOXING = YES;
				GCC_C_LANGUAGE_STANDARD = gnu17;
				GCC_NO_COMMON_BLOCKS = YES;
				GCC_WARN_64_TO_32_BIT_CONVERSION = YES;
				GCC_WARN_ABOUT_RETURN_TYPE = YES_ERROR;
				GCC_WARN_UNDECLARED_SELECTOR = YES;
				GCC_WARN_UNINITIALIZED_AUTOS = YES_AGGRESSIVE;
				GCC_WARN_UNUSED_FUNCTION = YES;
				GCC_WARN_UNUSED_VARIABLE = YES;
				IPHONEOS_DEPLOYMENT_TARGET = 17.5;
				LOCALIZATION_PREFERS_STRING_CATALOGS = YES;
				MTL_ENABLE_DEBUG_INFO = NO;
				MTL_FAST_MATH = YES;
				SDKROOT = iphoneos;
				SWIFT_COMPILATION_MODE = wholemodule;
				VALIDATE_PRODUCT = YES;
			};
			name = Release;
		};
		1360C8792C35CE220093F1EA /* Debug */ = {
			isa = XCBuildConfiguration;
			buildSettings = {
				ASSETCATALOG_COMPILER_APPICON_NAME = AppIcon;
				ASSETCATALOG_COMPILER_GLOBAL_ACCENT_COLOR_NAME = AccentColor;
				CODE_SIGN_STYLE = Automatic;
				CURRENT_PROJECT_VERSION = 1;
				DEVELOPMENT_ASSET_PATHS = "\"LearSwiftUI/Preview Content\"";
				DEVELOPMENT_TEAM = L8Z63RMT9D;
				ENABLE_PREVIEWS = YES;
				GENERATE_INFOPLIST_FILE = YES;
				INFOPLIST_KEY_CFBundleDisplayName = valias;
				INFOPLIST_KEY_LSApplicationCategoryType = "public.app-category.lifestyle";
				INFOPLIST_KEY_UIApplicationSceneManifest_Generation = YES;
				INFOPLIST_KEY_UIApplicationSupportsIndirectInputEvents = YES;
				INFOPLIST_KEY_UILaunchScreen_Generation = YES;
				INFOPLIST_KEY_UISupportedInterfaceOrientations_iPad = "UIInterfaceOrientationPortrait UIInterfaceOrientationPortraitUpsideDown UIInterfaceOrientationLandscapeLeft UIInterfaceOrientationLandscapeRight";
				INFOPLIST_KEY_UISupportedInterfaceOrientations_iPhone = "UIInterfaceOrientationPortrait UIInterfaceOrientationLandscapeLeft UIInterfaceOrientationLandscapeRight";
				LD_RUNPATH_SEARCH_PATHS = (
					"$(inherited)",
					"@executable_path/Frameworks",
				);
				MARKETING_VERSION = 1.0;
				PRODUCT_BUNDLE_IDENTIFIER = valias.LearSwiftUI;
				PRODUCT_NAME = "$(TARGET_NAME)";
				SWIFT_EMIT_LOC_STRINGS = YES;
				SWIFT_VERSION = 5.0;
				TARGETED_DEVICE_FAMILY = "1,2";
			};
			name = Debug;
		};
		1360C87A2C35CE220093F1EA /* Release */ = {
			isa = XCBuildConfiguration;
			buildSettings = {
				ASSETCATALOG_COMPILER_APPICON_NAME = AppIcon;
				ASSETCATALOG_COMPILER_GLOBAL_ACCENT_COLOR_NAME = AccentColor;
				CODE_SIGN_STYLE = Automatic;
				CURRENT_PROJECT_VERSION = 1;
				DEVELOPMENT_ASSET_PATHS = "\"LearSwiftUI/Preview Content\"";
				DEVELOPMENT_TEAM = L8Z63RMT9D;
				ENABLE_PREVIEWS = YES;
				GENERATE_INFOPLIST_FILE = YES;
				INFOPLIST_KEY_CFBundleDisplayName = valias;
				INFOPLIST_KEY_LSApplicationCategoryType = "public.app-category.lifestyle";
				INFOPLIST_KEY_UIApplicationSceneManifest_Generation = YES;
				INFOPLIST_KEY_UIApplicationSupportsIndirectInputEvents = YES;
				INFOPLIST_KEY_UILaunchScreen_Generation = YES;
				INFOPLIST_KEY_UISupportedInterfaceOrientations_iPad = "UIInterfaceOrientationPortrait UIInterfaceOrientationPortraitUpsideDown UIInterfaceOrientationLandscapeLeft UIInterfaceOrientationLandscapeRight";
				INFOPLIST_KEY_UISupportedInterfaceOrientations_iPhone = "UIInterfaceOrientationPortrait UIInterfaceOrientationLandscapeLeft UIInterfaceOrientationLandscapeRight";
				LD_RUNPATH_SEARCH_PATHS = (
					"$(inherited)",
					"@executable_path/Frameworks",
				);
				MARKETING_VERSION = 1.0;
				PRODUCT_BUNDLE_IDENTIFIER = valias.LearSwiftUI;
				PRODUCT_NAME = "$(TARGET_NAME)";
				SWIFT_EMIT_LOC_STRINGS = YES;
				SWIFT_VERSION = 5.0;
				TARGETED_DEVICE_FAMILY = "1,2";
			};
			name = Release;
		};
/* End XCBuildConfiguration section */

/* Begin XCConfigurationList section */
		1360C8652C35CE210093F1EA /* Build configuration list for PBXProject "LearSwiftUI" */ = {
			isa = XCConfigurationList;
			buildConfigurations = (
				1360C8762C35CE220093F1EA /* Debug */,
				1360C8772C35CE220093F1EA /* Release */,
			);
			defaultConfigurationIsVisible = 0;
			defaultConfigurationName = Release;
		};
		1360C8782C35CE220093F1EA /* Build configuration list for PBXNativeTarget "LearSwiftUI" */ = {
			isa = XCConfigurationList;
			buildConfigurations = (
				1360C8792C35CE220093F1EA /* Debug */,
				1360C87A2C35CE220093F1EA /* Release */,
			);
			defaultConfigurationIsVisible = 0;
			defaultConfigurationName = Release;
		};
/* End XCConfigurationList section */
	};
	rootObject = 1360C8622C35CE210093F1EA /* Project object */;
}
